
Microsoft Visual Studio Solution File, Format Version 12.00
# Visual Studio Version 16
VisualStudioVersion = 16.0.32407.337
MinimumVisualStudioVersion = 10.0.40219.1
Project("{8BC9CEB8-8B4A-11D0-8D11-00A0C91BC942}") = "test_6.2 2.0", "test_6.2 2.0\test_6.2 2.0.vcxproj", "{3826B209-28ED-4955-8845-CA0E5C688FFB}"
EndProject
Global
	GlobalSection(SolutionConfigurationPlatforms) = preSolution
		Debug|x64 = Debug|x64
		Debug|x86 = Debug|x86
		Release|x64 = Release|x64
		Release|x86 = Release|x86
	EndGlobalSection
	GlobalSection(ProjectConfigurationPlatforms) = postSolution
		{3826B209-28ED-4955-8845-CA0E5C688FFB}.Debug|x64.ActiveCfg = Debug|x64
		{3826B209-28ED-4955-8845-CA0E5C688FFB}.Debug|x64.Build.0 = Debug|x64
		{3826B209-28ED-4955-8845-CA0E5C688FFB}.Debug|x86.ActiveCfg = Debug|Win32
		{3826B209-28ED-4955-8845-CA0E5C688FFB}.Debug|x86.Build.0 = Debug|Win32
		{3826B209-28ED-4955-8845-CA0E5C688FFB}.Release|x64.ActiveCfg = Release|x64
		{3826B209-28ED-4955-8845-CA0E5C688FFB}.Release|x64.Build.0 = Release|x64
		{3826B209-28ED-4955-8845-CA0E5C688FFB}.Release|x86.ActiveCfg = Release|Win32
		{3826B209-28ED-4955-8845-CA0E5C688FFB}.Release|x86.Build.0 = Release|Win32
	EndGlobalSection
	GlobalSection(SolutionProperties) = preSolution
		HideSolutionNode = FALSE
	EndGlobalSection
	GlobalSection(ExtensibilityGlobals) = postSolution
		SolutionGuid = {373AD412-7D6C-435F-B31C-D4E4652A2189}
	EndGlobalSection
EndGlobal
