
Microsoft Visual Studio Solution File, Format Version 12.00
# Visual Studio Version 16
VisualStudioVersion = 16.0.32407.337
MinimumVisualStudioVersion = 10.0.40219.1
Project("{8BC9CEB8-8B4A-11D0-8D11-00A0C91BC942}") = "text_6.16", "text_6.16\text_6.16.vcxproj", "{0E2CBAC9-87CB-49F3-BF1C-DDC399616F16}"
EndProject
Global
	GlobalSection(SolutionConfigurationPlatforms) = preSolution
		Debug|x64 = Debug|x64
		Debug|x86 = Debug|x86
		Release|x64 = Release|x64
		Release|x86 = Release|x86
	EndGlobalSection
	GlobalSection(ProjectConfigurationPlatforms) = postSolution
		{0E2CBAC9-87CB-49F3-BF1C-DDC399616F16}.Debug|x64.ActiveCfg = Debug|x64
		{0E2CBAC9-87CB-49F3-BF1C-DDC399616F16}.Debug|x64.Build.0 = Debug|x64
		{0E2CBAC9-87CB-49F3-BF1C-DDC399616F16}.Debug|x86.ActiveCfg = Debug|Win32
		{0E2CBAC9-87CB-49F3-BF1C-DDC399616F16}.Debug|x86.Build.0 = Debug|Win32
		{0E2CBAC9-87CB-49F3-BF1C-DDC399616F16}.Release|x64.ActiveCfg = Release|x64
		{0E2CBAC9-87CB-49F3-BF1C-DDC399616F16}.Release|x64.Build.0 = Release|x64
		{0E2CBAC9-87CB-49F3-BF1C-DDC399616F16}.Release|x86.ActiveCfg = Release|Win32
		{0E2CBAC9-87CB-49F3-BF1C-DDC399616F16}.Release|x86.Build.0 = Release|Win32
	EndGlobalSection
	GlobalSection(SolutionProperties) = preSolution
		HideSolutionNode = FALSE
	EndGlobalSection
	GlobalSection(ExtensibilityGlobals) = postSolution
		SolutionGuid = {841E0854-B4DA-4FCE-B3BE-DD488EFE0825}
	EndGlobalSection
EndGlobal
