
Microsoft Visual Studio Solution File, Format Version 12.00
# Visual Studio Version 16
VisualStudioVersion = 16.0.32407.337
MinimumVisualStudioVersion = 10.0.40219.1
Project("{8BC9CEB8-8B4A-11D0-8D11-00A0C91BC942}") = "test_5.16", "test_5.16\test_5.16.vcxproj", "{51788EE4-08FE-4A10-A844-CDE4F22692D9}"
EndProject
Global
	GlobalSection(SolutionConfigurationPlatforms) = preSolution
		Debug|x64 = Debug|x64
		Debug|x86 = Debug|x86
		Release|x64 = Release|x64
		Release|x86 = Release|x86
	EndGlobalSection
	GlobalSection(ProjectConfigurationPlatforms) = postSolution
		{51788EE4-08FE-4A10-A844-CDE4F22692D9}.Debug|x64.ActiveCfg = Debug|x64
		{51788EE4-08FE-4A10-A844-CDE4F22692D9}.Debug|x64.Build.0 = Debug|x64
		{51788EE4-08FE-4A10-A844-CDE4F22692D9}.Debug|x86.ActiveCfg = Debug|Win32
		{51788EE4-08FE-4A10-A844-CDE4F22692D9}.Debug|x86.Build.0 = Debug|Win32
		{51788EE4-08FE-4A10-A844-CDE4F22692D9}.Release|x64.ActiveCfg = Release|x64
		{51788EE4-08FE-4A10-A844-CDE4F22692D9}.Release|x64.Build.0 = Release|x64
		{51788EE4-08FE-4A10-A844-CDE4F22692D9}.Release|x86.ActiveCfg = Release|Win32
		{51788EE4-08FE-4A10-A844-CDE4F22692D9}.Release|x86.Build.0 = Release|Win32
	EndGlobalSection
	GlobalSection(SolutionProperties) = preSolution
		HideSolutionNode = FALSE
	EndGlobalSection
	GlobalSection(ExtensibilityGlobals) = postSolution
		SolutionGuid = {B36E4734-8AC0-416A-83F0-EEA2362D4B08}
	EndGlobalSection
EndGlobal
