
Microsoft Visual Studio Solution File, Format Version 12.00
# Visual Studio Version 16
VisualStudioVersion = 16.0.32407.337
MinimumVisualStudioVersion = 10.0.40219.1
Project("{8BC9CEB8-8B4A-11D0-8D11-00A0C91BC942}") = "text_4.18", "text_4.18\text_4.18.vcxproj", "{0084D23D-6046-4974-B649-7DF41E7ED383}"
EndProject
Global
	GlobalSection(SolutionConfigurationPlatforms) = preSolution
		Debug|x64 = Debug|x64
		Debug|x86 = Debug|x86
		Release|x64 = Release|x64
		Release|x86 = Release|x86
	EndGlobalSection
	GlobalSection(ProjectConfigurationPlatforms) = postSolution
		{0084D23D-6046-4974-B649-7DF41E7ED383}.Debug|x64.ActiveCfg = Debug|x64
		{0084D23D-6046-4974-B649-7DF41E7ED383}.Debug|x64.Build.0 = Debug|x64
		{0084D23D-6046-4974-B649-7DF41E7ED383}.Debug|x86.ActiveCfg = Debug|Win32
		{0084D23D-6046-4974-B649-7DF41E7ED383}.Debug|x86.Build.0 = Debug|Win32
		{0084D23D-6046-4974-B649-7DF41E7ED383}.Release|x64.ActiveCfg = Release|x64
		{0084D23D-6046-4974-B649-7DF41E7ED383}.Release|x64.Build.0 = Release|x64
		{0084D23D-6046-4974-B649-7DF41E7ED383}.Release|x86.ActiveCfg = Release|Win32
		{0084D23D-6046-4974-B649-7DF41E7ED383}.Release|x86.Build.0 = Release|Win32
	EndGlobalSection
	GlobalSection(SolutionProperties) = preSolution
		HideSolutionNode = FALSE
	EndGlobalSection
	GlobalSection(ExtensibilityGlobals) = postSolution
		SolutionGuid = {A8E9A551-453B-452F-AEA7-28CC1A15DF27}
	EndGlobalSection
EndGlobal
