
Microsoft Visual Studio Solution File, Format Version 12.00
# Visual Studio Version 16
VisualStudioVersion = 16.0.32407.337
MinimumVisualStudioVersion = 10.0.40219.1
Project("{8BC9CEB8-8B4A-11D0-8D11-00A0C91BC942}") = "test_5.29", "test_5.29\test_5.29.vcxproj", "{1C881338-A087-45AD-8B9A-1E5C6AD1CEF9}"
EndProject
Global
	GlobalSection(SolutionConfigurationPlatforms) = preSolution
		Debug|x64 = Debug|x64
		Debug|x86 = Debug|x86
		Release|x64 = Release|x64
		Release|x86 = Release|x86
	EndGlobalSection
	GlobalSection(ProjectConfigurationPlatforms) = postSolution
		{1C881338-A087-45AD-8B9A-1E5C6AD1CEF9}.Debug|x64.ActiveCfg = Debug|x64
		{1C881338-A087-45AD-8B9A-1E5C6AD1CEF9}.Debug|x64.Build.0 = Debug|x64
		{1C881338-A087-45AD-8B9A-1E5C6AD1CEF9}.Debug|x86.ActiveCfg = Debug|Win32
		{1C881338-A087-45AD-8B9A-1E5C6AD1CEF9}.Debug|x86.Build.0 = Debug|Win32
		{1C881338-A087-45AD-8B9A-1E5C6AD1CEF9}.Release|x64.ActiveCfg = Release|x64
		{1C881338-A087-45AD-8B9A-1E5C6AD1CEF9}.Release|x64.Build.0 = Release|x64
		{1C881338-A087-45AD-8B9A-1E5C6AD1CEF9}.Release|x86.ActiveCfg = Release|Win32
		{1C881338-A087-45AD-8B9A-1E5C6AD1CEF9}.Release|x86.Build.0 = Release|Win32
	EndGlobalSection
	GlobalSection(SolutionProperties) = preSolution
		HideSolutionNode = FALSE
	EndGlobalSection
	GlobalSection(ExtensibilityGlobals) = postSolution
		SolutionGuid = {26AC31B7-4A09-4B0E-9CC4-FCC0D9D00F2D}
	EndGlobalSection
EndGlobal
